<?xml version="1.0" encoding="utf-8"?>
<Project ToolsVersion="4.0" xmlns="http://schemas.microsoft.com/developer/msbuild/2003">
  <ItemGroup>
    <Filter Include="Source Files">
      <UniqueIdentifier>{4FC737F1-C7A5-4376-A066-2A32D752A2FF}</UniqueIdentifier>
      <Extensions>cpp;c;cc;cxx;c++;cppm;ixx;def;odl;idl;hpj;bat;asm;asmx</Extensions>
    </Filter>
    <Filter Include="Header Files">
      <UniqueIdentifier>{93995380-89BD-4b04-88EB-625FBE52EBFB}</UniqueIdentifier>
      <Extensions>h;hh;hpp;hxx;h++;hm;inl;inc;ipp;xsd</Extensions>
    </Filter>
    <Filter Include="Resource Files">
      <UniqueIdentifier>{67DA6AB6-F800-4c08-8B7A-83BB121AAD01}</UniqueIdentifier>
      <Extensions>rc;ico;cur;bmp;dlg;rc2;rct;bin;rgs;gif;jpg;jpeg;jpe;resx;tiff;tif;png;wav;mfcribbon-ms</Extensions>
    </Filter>
    <Filter Include="Source Files\base_classes">
      <UniqueIdentifier>{4a0b1f45-813a-4ed6-a93c-9d0e38c9ef02}</UniqueIdentifier>
    </Filter>
    <Filter Include="Source Files\checkers">
      <UniqueIdentifier>{7531c491-a2e0-4e19-9498-7d567d77b044}</UniqueIdentifier>
    </Filter>
    <Filter Include="Source Files\chess">
      <UniqueIdentifier>{e001c009-e889-47f0-9135-881af46b3738}</UniqueIdentifier>
    </Filter>
    <Filter Include="Resource Files\Chess Pieces">
      <UniqueIdentifier>{d967e778-986f-41f4-940a-f6fe3deccb3d}</UniqueIdentifier>
    </Filter>
    <Filter Include="Resource Files\Chess Pieces\Black">
      <UniqueIdentifier>{e873a643-2138-4605-9aea-2bac56331e8b}</UniqueIdentifier>
    </Filter>
    <Filter Include="Resource Files\Chess Pieces\White">
      <UniqueIdentifier>{542ebbfe-50da-4131-a8d8-547d7421c97c}</UniqueIdentifier>
    </Filter>
  </ItemGroup>
  <ItemGroup>
    <ClCompile Include="MainForm.cpp">
      <Filter>Source Files</Filter>
    </ClCompile>
    <ClCompile Include="Board.cpp">
      <Filter>Source Files\base_classes</Filter>
    </ClCompile>
    <ClCompile Include="BoardMove.cpp">
      <Filter>Source Files\base_classes</Filter>
    </ClCompile>
    <ClCompile Include="Coordinates.cpp">
      <Filter>Source Files\base_classes</Filter>
    </ClCompile>
    <ClCompile Include="EmptySpace.cpp">
      <Filter>Source Files\base_classes</Filter>
    </ClCompile>
    <ClCompile Include="Game.cpp">
      <Filter>Source Files\base_classes</Filter>
    </ClCompile>
    <ClCompile Include="GameDrawer.cpp">
      <Filter>Source Files\base_classes</Filter>
    </ClCompile>
    <ClCompile Include="Piece.cpp">
      <Filter>Source Files\base_classes</Filter>
    </ClCompile>
    <ClCompile Include="Player.cpp">
      <Filter>Source Files\base_classes</Filter>
    </ClCompile>
    <ClCompile Include="Checkers.cpp">
      <Filter>Source Files\checkers</Filter>
    </ClCompile>
    <ClCompile Include="CheckersDummyPiece.cpp">
      <Filter>Source Files\checkers</Filter>
    </ClCompile>
    <ClCompile Include="CheckersKing.cpp">
      <Filter>Source Files\checkers</Filter>
    </ClCompile>
    <ClCompile Include="Soldier.cpp">
      <Filter>Source Files\checkers</Filter>
    </ClCompile>
    <ClCompile Include="Bishop.cpp">
      <Filter>Source Files\chess</Filter>
    </ClCompile>
    <ClCompile Include="Chess.cpp">
      <Filter>Source Files\chess</Filter>
    </ClCompile>
    <ClCompile Include="ChessKing.cpp">
      <Filter>Source Files\chess</Filter>
    </ClCompile>
    <ClCompile Include="Knight.cpp">
      <Filter>Source Files\chess</Filter>
    </ClCompile>
    <ClCompile Include="Pawn.cpp">
      <Filter>Source Files\chess</Filter>
    </ClCompile>
    <ClCompile Include="Queen.cpp">
      <Filter>Source Files\chess</Filter>
    </ClCompile>
    <ClCompile Include="Rook.cpp">
      <Filter>Source Files\chess</Filter>
    </ClCompile>
    <ClCompile Include="ChessDummyPiece.cpp">
      <Filter>Source Files\chess</Filter>
    </ClCompile>
  </ItemGroup>
  <ItemGroup>
    <ClInclude Include="MainForm.h">
      <Filter>Header Files</Filter>
    </ClInclude>
    <ClInclude Include="SpecialButton.h">
      <Filter>Header Files</Filter>
    </ClInclude>
    <ClInclude Include="GameButton.h">
      <Filter>Header Files</Filter>
    </ClInclude>
  </ItemGroup>
  <ItemGroup>
    <Image Include="..\Resources\Logo.ico">
      <Filter>Resource Files</Filter>
    </Image>
    <Image Include="..\Resources\source_1\Black\Bishop.jpg">
      <Filter>Resource Files\Chess Pieces\Black</Filter>
    </Image>
    <Image Include="..\Resources\source_1\Black\King.jpg">
      <Filter>Resource Files\Chess Pieces\Black</Filter>
    </Image>
    <Image Include="..\Resources\source_1\Black\Knight.jpg">
      <Filter>Resource Files\Chess Pieces\Black</Filter>
    </Image>
    <Image Include="..\Resources\source_1\Black\Pawn.jpg">
      <Filter>Resource Files\Chess Pieces\Black</Filter>
    </Image>
    <Image Include="..\Resources\source_1\Black\Queen.jpg">
      <Filter>Resource Files\Chess Pieces\Black</Filter>
    </Image>
    <Image Include="..\Resources\source_1\Black\Rook.jpg">
      <Filter>Resource Files\Chess Pieces\Black</Filter>
    </Image>
    <Image Include="..\Resources\Empty Space.jpg">
      <Filter>Resource Files</Filter>
    </Image>
    <Image Include="..\Resources\source_1\White\Bishop.jpg">
      <Filter>Resource Files\Chess Pieces\White</Filter>
    </Image>
    <Image Include="..\Resources\source_1\White\King.jpg">
      <Filter>Resource Files\Chess Pieces\White</Filter>
    </Image>
    <Image Include="..\Resources\source_1\White\Knight.jpg">
      <Filter>Resource Files\Chess Pieces\White</Filter>
    </Image>
    <Image Include="..\Resources\source_1\White\Pawn.jpg">
      <Filter>Resource Files\Chess Pieces\White</Filter>
    </Image>
    <Image Include="..\Resources\source_1\White\Queen.jpg">
      <Filter>Resource Files\Chess Pieces\White</Filter>
    </Image>
    <Image Include="..\Resources\source_1\White\Rook.jpg">
      <Filter>Resource Files\Chess Pieces\White</Filter>
    </Image>
    <Image Include="Pawn3.jpg">
      <Filter>Resource Files</Filter>
    </Image>
    <Image Include="Bishop1.jpg">
      <Filter>Resource Files</Filter>
    </Image>
    <Image Include="Pawn4.jpg">
      <Filter>Resource Files</Filter>
    </Image>
  </ItemGroup>
  <ItemGroup>
    <None Include="ClassDiagram3.cd" />
  </ItemGroup>
</Project>